PODS:
  - ReactorKit (1.2.1):
    - RxSwift (>= 4.0.0)
  - RxAtomic (4.4.1)
  - RxCocoa (4.4.1):
    - RxSwift (~> 4.0)
  - RxSwift (4.4.1):
    - RxAtomic (~> 4.4)
  - SnapKit (4.2.0)
  - Then (2.4.0)

DEPENDENCIES:
  - ReactorKit
  - RxCocoa
  - RxSwift
  - SnapKit
  - Then

SPEC REPOS:
  https://github.com/cocoapods/specs.git:
    - ReactorKit
    - RxAtomic
    - RxCocoa
    - RxSwift
    - SnapKit
    - Then

SPEC CHECKSUMS:
  ReactorKit: 8be57f0527ad1ac2963cd5c338274a46a01e57a3
  RxAtomic: f8d6adc1ccb87a767811269e4875887bc74dbf19
  RxCocoa: 2f35a76bf8887872e28a1914112395b11b8e0e64
  RxSwift: 92fcf68dfef21f3e2ab1965363d9e7b3d787597e
  SnapKit: fe8a619752f3f27075cc9a90244d75c6c3f27e2a
  Then: 71866660c7af35a7343831f7668e7cd2b62ee0f2

PODFILE CHECKSUM: db4ef2036ccb6a7ef2e2458e00b607cee597e5ab

COCOAPODS: 1.6.0
